// !$*UTF8*$!
{
	archiveVersion = 1;
	classes = {
	};
	objectVersion = 50;
	objects = {

/* Begin PBXBuildFile section */
		0A2C7120547F9309B9CF466B /* Pods_FBApp.framework in Frameworks */ = {isa = PBXBuildFile; fileRef = EC98FE63D30C70B2B7FB1B82 /* Pods_FBApp.framework */; };
		141C25CBBA6A256F63C293C3 /* Pods_FBAppUITests.framework in Frameworks */ = {isa = PBXBuildFile; fileRef = 031B49DDA3EB150B8D5C3F7D /* Pods_FBAppUITests.framework */; };
		2D33CBCB208D8F0000F7FEFC /* AppDelegate.swift in Sources */ = {isa = PBXBuildFile; fileRef = 2D33CBCA208D8F0000F7FEFC /* AppDelegate.swift */; };
		2D33CBCD208D8F0000F7FEFC /* SignInViewController.swift in Sources */ = {isa = PBXBuildFile; fileRef = 2D33CBCC208D8F0000F7FEFC /* SignInViewController.swift */; };
		2D33CBD0208D8F0100F7FEFC /* Main.storyboard in Resources */ = {isa = PBXBuildFile; fileRef = 2D33CBCE208D8F0100F7FEFC /* Main.storyboard */; };
		2D33CBD3208D8F0100F7FEFC /* FBApp.xcdatamodeld in Sources */ = {isa = PBXBuildFile; fileRef = 2D33CBD1208D8F0100F7FEFC /* FBApp.xcdatamodeld */; };
		2D33CBD5208D8F0200F7FEFC /* Assets.xcassets in Resources */ = {isa = PBXBuildFile; fileRef = 2D33CBD4208D8F0200F7FEFC /* Assets.xcassets */; };
		2D33CBD8208D8F0200F7FEFC /* LaunchScreen.storyboard in Resources */ = {isa = PBXBuildFile; fileRef = 2D33CBD6208D8F0200F7FEFC /* LaunchScreen.storyboard */; };
		2D33CBE3208D8F0200F7FEFC /* FBAppTests.swift in Sources */ = {isa = PBXBuildFile; fileRef = 2D33CBE2208D8F0200F7FEFC /* FBAppTests.swift */; };
		2D33CBEE208D8F0200F7FEFC /* FBAppUITests.swift in Sources */ = {isa = PBXBuildFile; fileRef = 2D33CBED208D8F0200F7FEFC /* FBAppUITests.swift */; };
		2D33CBFE208E7E8300F7FEFC /* SignOutViewController.swift in Sources */ = {isa = PBXBuildFile; fileRef = 2D33CBFD208E7E8300F7FEFC /* SignOutViewController.swift */; };
		2D99A653209800F000BE9F1D /* WelcomeViewController.swift in Sources */ = {isa = PBXBuildFile; fileRef = 2D99A652209800F000BE9F1D /* WelcomeViewController.swift */; };
		2DA2D5CF20A2980500A7C18A /* SignUpViewController.swift in Sources */ = {isa = PBXBuildFile; fileRef = 2DA2D5CE20A2980500A7C18A /* SignUpViewController.swift */; };
		2DA2D5D420A29C4A00A7C18A /* UserData.swift in Sources */ = {isa = PBXBuildFile; fileRef = 2DA2D5D320A29C4A00A7C18A /* UserData.swift */; };
		2DD0B515209B715800181025 /* SelectDietViewController.swift in Sources */ = {isa = PBXBuildFile; fileRef = 2DD0B514209B715800181025 /* SelectDietViewController.swift */; };
		2DD0B51B209B8DA600181025 /* CurrentUser.swift in Sources */ = {isa = PBXBuildFile; fileRef = 2DD0B51A209B8DA600181025 /* CurrentUser.swift */; };
		2DD0B51F209B8E9000181025 /* Recipe.swift in Sources */ = {isa = PBXBuildFile; fileRef = 2DD0B51E209B8E9000181025 /* Recipe.swift */; };
		2DD0B525209B8F8A00181025 /* AlertController.swift in Sources */ = {isa = PBXBuildFile; fileRef = 2DD0B524209B8F8A00181025 /* AlertController.swift */; };
		2DD0B527209B91DB00181025 /* DatabaseService.swift in Sources */ = {isa = PBXBuildFile; fileRef = 2DD0B526209B91DB00181025 /* DatabaseService.swift */; };
		8436F07A20B35816008D2AF9 /* GoogleService-Info.plist in Resources */ = {isa = PBXBuildFile; fileRef = 8436F07920B35816008D2AF9 /* GoogleService-Info.plist */; };
		8436F07C20B35D19008D2AF9 /* tableViewCellControllerViewController.swift in Sources */ = {isa = PBXBuildFile; fileRef = 8436F07B20B35D19008D2AF9 /* tableViewCellControllerViewController.swift */; };
		8436F07E20B36230008D2AF9 /* customTableViewCell.swift in Sources */ = {isa = PBXBuildFile; fileRef = 8436F07D20B36230008D2AF9 /* customTableViewCell.swift */; };
		8436F08020B38E07008D2AF9 /* tableDetailViewController.swift in Sources */ = {isa = PBXBuildFile; fileRef = 8436F07F20B38E07008D2AF9 /* tableDetailViewController.swift */; };
		8436F08220B393B5008D2AF9 /* receipeData.swift in Sources */ = {isa = PBXBuildFile; fileRef = 8436F08120B393B5008D2AF9 /* receipeData.swift */; };
		84E496E320B6266D00E69B80 /* ShoppingListTableViewController.swift in Sources */ = {isa = PBXBuildFile; fileRef = 84E496E220B6266D00E69B80 /* ShoppingListTableViewController.swift */; };
		89311A5244187B29972177B9 /* Pods_FBAppTests.framework in Frameworks */ = {isa = PBXBuildFile; fileRef = 549578A97ABF13BFBDA0D536 /* Pods_FBAppTests.framework */; };
/* End PBXBuildFile section */

/* Begin PBXContainerItemProxy section */
		2D33CBDF208D8F0200F7FEFC /* PBXContainerItemProxy */ = {
			isa = PBXContainerItemProxy;
			containerPortal = 2D33CBBF208D8F0000F7FEFC /* Project object */;
			proxyType = 1;
			remoteGlobalIDString = 2D33CBC6208D8F0000F7FEFC;
			remoteInfo = FBApp;
		};
		2D33CBEA208D8F0200F7FEFC /* PBXContainerItemProxy */ = {
			isa = PBXContainerItemProxy;
			containerPortal = 2D33CBBF208D8F0000F7FEFC /* Project object */;
			proxyType = 1;
			remoteGlobalIDString = 2D33CBC6208D8F0000F7FEFC;
			remoteInfo = FBApp;
		};
/* End PBXContainerItemProxy section */

/* Begin PBXFileReference section */
		031B49DDA3EB150B8D5C3F7D /* Pods_FBAppUITests.framework */ = {isa = PBXFileReference; explicitFileType = wrapper.framework; includeInIndex = 0; path = Pods_FBAppUITests.framework; sourceTree = BUILT_PRODUCTS_DIR; };
		1A4122FCA14F01704972DF0D /* Pods-FBAppTests.release.xcconfig */ = {isa = PBXFileReference; includeInIndex = 1; lastKnownFileType = text.xcconfig; name = "Pods-FBAppTests.release.xcconfig"; path = "Pods/Target Support Files/Pods-FBAppTests/Pods-FBAppTests.release.xcconfig"; sourceTree = "<group>"; };
		2D33CBC7208D8F0000F7FEFC /* FBApp.app */ = {isa = PBXFileReference; explicitFileType = wrapper.application; includeInIndex = 0; path = FBApp.app; sourceTree = BUILT_PRODUCTS_DIR; };
		2D33CBCA208D8F0000F7FEFC /* AppDelegate.swift */ = {isa = PBXFileReference; lastKnownFileType = sourcecode.swift; path = AppDelegate.swift; sourceTree = "<group>"; };
		2D33CBCC208D8F0000F7FEFC /* SignInViewController.swift */ = {isa = PBXFileReference; lastKnownFileType = sourcecode.swift; path = SignInViewController.swift; sourceTree = "<group>"; };
		2D33CBCF208D8F0100F7FEFC /* Base */ = {isa = PBXFileReference; lastKnownFileType = file.storyboard; name = Base; path = Base.lproj/Main.storyboard; sourceTree = "<group>"; };
		2D33CBD2208D8F0100F7FEFC /* FBApp.xcdatamodel */ = {isa = PBXFileReference; lastKnownFileType = wrapper.xcdatamodel; path = FBApp.xcdatamodel; sourceTree = "<group>"; };
		2D33CBD4208D8F0200F7FEFC /* Assets.xcassets */ = {isa = PBXFileReference; lastKnownFileType = folder.assetcatalog; path = Assets.xcassets; sourceTree = "<group>"; };
		2D33CBD7208D8F0200F7FEFC /* Base */ = {isa = PBXFileReference; lastKnownFileType = file.storyboard; name = Base; path = Base.lproj/LaunchScreen.storyboard; sourceTree = "<group>"; };
		2D33CBD9208D8F0200F7FEFC /* Info.plist */ = {isa = PBXFileReference; lastKnownFileType = text.plist.xml; path = Info.plist; sourceTree = "<group>"; };
		2D33CBDE208D8F0200F7FEFC /* FBAppTests.xctest */ = {isa = PBXFileReference; explicitFileType = wrapper.cfbundle; includeInIndex = 0; path = FBAppTests.xctest; sourceTree = BUILT_PRODUCTS_DIR; };
		2D33CBE2208D8F0200F7FEFC /* FBAppTests.swift */ = {isa = PBXFileReference; lastKnownFileType = sourcecode.swift; path = FBAppTests.swift; sourceTree = "<group>"; };
		2D33CBE4208D8F0200F7FEFC /* Info.plist */ = {isa = PBXFileReference; lastKnownFileType = text.plist.xml; path = Info.plist; sourceTree = "<group>"; };
		2D33CBE9208D8F0200F7FEFC /* FBAppUITests.xctest */ = {isa = PBXFileReference; explicitFileType = wrapper.cfbundle; includeInIndex = 0; path = FBAppUITests.xctest; sourceTree = BUILT_PRODUCTS_DIR; };
		2D33CBED208D8F0200F7FEFC /* FBAppUITests.swift */ = {isa = PBXFileReference; lastKnownFileType = sourcecode.swift; path = FBAppUITests.swift; sourceTree = "<group>"; };
		2D33CBEF208D8F0200F7FEFC /* Info.plist */ = {isa = PBXFileReference; lastKnownFileType = text.plist.xml; path = Info.plist; sourceTree = "<group>"; };
		2D33CBFD208E7E8300F7FEFC /* SignOutViewController.swift */ = {isa = PBXFileReference; lastKnownFileType = sourcecode.swift; path = SignOutViewController.swift; sourceTree = "<group>"; };
		2D99A652209800F000BE9F1D /* WelcomeViewController.swift */ = {isa = PBXFileReference; lastKnownFileType = sourcecode.swift; path = WelcomeViewController.swift; sourceTree = "<group>"; };
		2DA2D5CE20A2980500A7C18A /* SignUpViewController.swift */ = {isa = PBXFileReference; fileEncoding = 4; lastKnownFileType = sourcecode.swift; path = SignUpViewController.swift; sourceTree = "<group>"; };
		2DA2D5D320A29C4A00A7C18A /* UserData.swift */ = {isa = PBXFileReference; lastKnownFileType = sourcecode.swift; path = UserData.swift; sourceTree = "<group>"; };
		2DD0B514209B715800181025 /* SelectDietViewController.swift */ = {isa = PBXFileReference; lastKnownFileType = sourcecode.swift; path = SelectDietViewController.swift; sourceTree = "<group>"; };
		2DD0B51A209B8DA600181025 /* CurrentUser.swift */ = {isa = PBXFileReference; lastKnownFileType = sourcecode.swift; path = CurrentUser.swift; sourceTree = "<group>"; };
		2DD0B51E209B8E9000181025 /* Recipe.swift */ = {isa = PBXFileReference; lastKnownFileType = sourcecode.swift; path = Recipe.swift; sourceTree = "<group>"; };
		2DD0B524209B8F8A00181025 /* AlertController.swift */ = {isa = PBXFileReference; lastKnownFileType = sourcecode.swift; path = AlertController.swift; sourceTree = "<group>"; };
		2DD0B526209B91DB00181025 /* DatabaseService.swift */ = {isa = PBXFileReference; lastKnownFileType = sourcecode.swift; path = DatabaseService.swift; sourceTree = "<group>"; };
		43A94675B5AAA8BBD66BA138 /* Pods-FBAppUITests.release.xcconfig */ = {isa = PBXFileReference; includeInIndex = 1; lastKnownFileType = text.xcconfig; name = "Pods-FBAppUITests.release.xcconfig"; path = "Pods/Target Support Files/Pods-FBAppUITests/Pods-FBAppUITests.release.xcconfig"; sourceTree = "<group>"; };
		549578A97ABF13BFBDA0D536 /* Pods_FBAppTests.framework */ = {isa = PBXFileReference; explicitFileType = wrapper.framework; includeInIndex = 0; path = Pods_FBAppTests.framework; sourceTree = BUILT_PRODUCTS_DIR; };
		6B98AED1D68E39E33648EC41 /* Pods-FBAppUITests.debug.xcconfig */ = {isa = PBXFileReference; includeInIndex = 1; lastKnownFileType = text.xcconfig; name = "Pods-FBAppUITests.debug.xcconfig"; path = "Pods/Target Support Files/Pods-FBAppUITests/Pods-FBAppUITests.debug.xcconfig"; sourceTree = "<group>"; };
		8436F07920B35816008D2AF9 /* GoogleService-Info.plist */ = {isa = PBXFileReference; fileEncoding = 4; lastKnownFileType = text.plist.xml; name = "GoogleService-Info.plist"; path = "../../../../../Desktop/GoogleService-Info.plist"; sourceTree = "<group>"; };
		8436F07B20B35D19008D2AF9 /* tableViewCellControllerViewController.swift */ = {isa = PBXFileReference; lastKnownFileType = sourcecode.swift; path = tableViewCellControllerViewController.swift; sourceTree = "<group>"; };
		8436F07D20B36230008D2AF9 /* customTableViewCell.swift */ = {isa = PBXFileReference; lastKnownFileType = sourcecode.swift; path = customTableViewCell.swift; sourceTree = "<group>"; };
		8436F07F20B38E07008D2AF9 /* tableDetailViewController.swift */ = {isa = PBXFileReference; lastKnownFileType = sourcecode.swift; path = tableDetailViewController.swift; sourceTree = "<group>"; };
		8436F08120B393B5008D2AF9 /* receipeData.swift */ = {isa = PBXFileReference; lastKnownFileType = sourcecode.swift; path = receipeData.swift; sourceTree = "<group>"; };
		84E496E220B6266D00E69B80 /* ShoppingListTableViewController.swift */ = {isa = PBXFileReference; lastKnownFileType = sourcecode.swift; path = ShoppingListTableViewController.swift; sourceTree = "<group>"; };
		B43D876803DA561A20BE961A /* Pods-FBAppTests.debug.xcconfig */ = {isa = PBXFileReference; includeInIndex = 1; lastKnownFileType = text.xcconfig; name = "Pods-FBAppTests.debug.xcconfig"; path = "Pods/Target Support Files/Pods-FBAppTests/Pods-FBAppTests.debug.xcconfig"; sourceTree = "<group>"; };
		C280BCB022713373AF65BB28 /* Pods-FBApp.debug.xcconfig */ = {isa = PBXFileReference; includeInIndex = 1; lastKnownFileType = text.xcconfig; name = "Pods-FBApp.debug.xcconfig"; path = "Pods/Target Support Files/Pods-FBApp/Pods-FBApp.debug.xcconfig"; sourceTree = "<group>"; };
		EC98FE63D30C70B2B7FB1B82 /* Pods_FBApp.framework */ = {isa = PBXFileReference; explicitFileType = wrapper.framework; includeInIndex = 0; path = Pods_FBApp.framework; sourceTree = BUILT_PRODUCTS_DIR; };
		F330C3C17834F3ADD74786B8 /* Pods-FBApp.release.xcconfig */ = {isa = PBXFileReference; includeInIndex = 1; lastKnownFileType = text.xcconfig; name = "Pods-FBApp.release.xcconfig"; path = "Pods/Target Support Files/Pods-FBApp/Pods-FBApp.release.xcconfig"; sourceTree = "<group>"; };
/* End PBXFileReference section */

/* Begin PBXFrameworksBuildPhase section */
		2D33CBC4208D8F0000F7FEFC /* Frameworks */ = {
			isa = PBXFrameworksBuildPhase;
			buildActionMask = 2147483647;
			files = (
				0A2C7120547F9309B9CF466B /* Pods_FBApp.framework in Frameworks */,
			);
			runOnlyForDeploymentPostprocessing = 0;
		};
		2D33CBDB208D8F0200F7FEFC /* Frameworks */ = {
			isa = PBXFrameworksBuildPhase;
			buildActionMask = 2147483647;
			files = (
				89311A5244187B29972177B9 /* Pods_FBAppTests.framework in Frameworks */,
			);
			runOnlyForDeploymentPostprocessing = 0;
		};
		2D33CBE6208D8F0200F7FEFC /* Frameworks */ = {
			isa = PBXFrameworksBuildPhase;
			buildActionMask = 2147483647;
			files = (
				141C25CBBA6A256F63C293C3 /* Pods_FBAppUITests.framework in Frameworks */,
			);
			runOnlyForDeploymentPostprocessing = 0;
		};
/* End PBXFrameworksBuildPhase section */

/* Begin PBXGroup section */
		089CB2606DFE47015BE0C94B /* Frameworks */ = {
			isa = PBXGroup;
			children = (
				EC98FE63D30C70B2B7FB1B82 /* Pods_FBApp.framework */,
				549578A97ABF13BFBDA0D536 /* Pods_FBAppTests.framework */,
				031B49DDA3EB150B8D5C3F7D /* Pods_FBAppUITests.framework */,
			);
			name = Frameworks;
			sourceTree = "<group>";
		};
		2D33CBBE208D8F0000F7FEFC = {
			isa = PBXGroup;
			children = (
				2D33CBC9208D8F0000F7FEFC /* FBApp */,
				2D33CBE1208D8F0200F7FEFC /* FBAppTests */,
				2D33CBEC208D8F0200F7FEFC /* FBAppUITests */,
				2D33CBC8208D8F0000F7FEFC /* Products */,
				77541CCF1D2CF7FFF70785E8 /* Pods */,
				089CB2606DFE47015BE0C94B /* Frameworks */,
			);
			sourceTree = "<group>";
		};
		2D33CBC8208D8F0000F7FEFC /* Products */ = {
			isa = PBXGroup;
			children = (
				2D33CBC7208D8F0000F7FEFC /* FBApp.app */,
				2D33CBDE208D8F0200F7FEFC /* FBAppTests.xctest */,
				2D33CBE9208D8F0200F7FEFC /* FBAppUITests.xctest */,
			);
			name = Products;
			sourceTree = "<group>";
		};
		2D33CBC9208D8F0000F7FEFC /* FBApp */ = {
			isa = PBXGroup;
			children = (
				2DA2D5CD20A2979600A7C18A /* Views */,
				2DA2D5D020A2986000A7C18A /* Controllers */,
				2DA2D5D120A2987C00A7C18A /* Models */,
				2DA2D5D220A298B600A7C18A /* SupportFiles */,
				2D33CBD9208D8F0200F7FEFC /* Info.plist */,
				2D33CBD1208D8F0100F7FEFC /* FBApp.xcdatamodeld */,
			);
			path = FBApp;
			sourceTree = "<group>";
		};
		2D33CBE1208D8F0200F7FEFC /* FBAppTests */ = {
			isa = PBXGroup;
			children = (
				2D33CBE2208D8F0200F7FEFC /* FBAppTests.swift */,
				2D33CBE4208D8F0200F7FEFC /* Info.plist */,
			);
			path = FBAppTests;
			sourceTree = "<group>";
		};
		2D33CBEC208D8F0200F7FEFC /* FBAppUITests */ = {
			isa = PBXGroup;
			children = (
				2D33CBED208D8F0200F7FEFC /* FBAppUITests.swift */,
				2D33CBEF208D8F0200F7FEFC /* Info.plist */,
			);
			path = FBAppUITests;
			sourceTree = "<group>";
		};
		2DA2D5CD20A2979600A7C18A /* Views */ = {
			isa = PBXGroup;
			children = (
				2DD0B514209B715800181025 /* SelectDietViewController.swift */,
				2D33CBCC208D8F0000F7FEFC /* SignInViewController.swift */,
				2D99A652209800F000BE9F1D /* WelcomeViewController.swift */,
				2D33CBFD208E7E8300F7FEFC /* SignOutViewController.swift */,
				2DA2D5CE20A2980500A7C18A /* SignUpViewController.swift */,
				8436F07F20B38E07008D2AF9 /* tableDetailViewController.swift */,
				8436F07B20B35D19008D2AF9 /* tableViewCellControllerViewController.swift */,
				8436F07D20B36230008D2AF9 /* customTableViewCell.swift */,
				84E496E220B6266D00E69B80 /* ShoppingListTableViewController.swift */,
			);
			path = Views;
			sourceTree = "<group>";
		};
		2DA2D5D020A2986000A7C18A /* Controllers */ = {
			isa = PBXGroup;
			children = (
				2DD0B524209B8F8A00181025 /* AlertController.swift */,
			);
			path = Controllers;
			sourceTree = "<group>";
		};
		2DA2D5D120A2987C00A7C18A /* Models */ = {
			isa = PBXGroup;
			children = (
				2DD0B51E209B8E9000181025 /* Recipe.swift */,
				2DD0B51A209B8DA600181025 /* CurrentUser.swift */,
				2DD0B526209B91DB00181025 /* DatabaseService.swift */,
				2DA2D5D320A29C4A00A7C18A /* UserData.swift */,
			);
			path = Models;
			sourceTree = "<group>";
		};
		2DA2D5D220A298B600A7C18A /* SupportFiles */ = {
			isa = PBXGroup;
			children = (
				2D33CBCE208D8F0100F7FEFC /* Main.storyboard */,
				8436F08120B393B5008D2AF9 /* receipeData.swift */,
				8436F07920B35816008D2AF9 /* GoogleService-Info.plist */,
				2D33CBD4208D8F0200F7FEFC /* Assets.xcassets */,
				2D33CBD6208D8F0200F7FEFC /* LaunchScreen.storyboard */,
				2D33CBCA208D8F0000F7FEFC /* AppDelegate.swift */,
			);
			path = SupportFiles;
			sourceTree = "<group>";
		};
		77541CCF1D2CF7FFF70785E8 /* Pods */ = {
			isa = PBXGroup;
			children = (
				C280BCB022713373AF65BB28 /* Pods-FBApp.debug.xcconfig */,
				F330C3C17834F3ADD74786B8 /* Pods-FBApp.release.xcconfig */,
				B43D876803DA561A20BE961A /* Pods-FBAppTests.debug.xcconfig */,
				1A4122FCA14F01704972DF0D /* Pods-FBAppTests.release.xcconfig */,
				6B98AED1D68E39E33648EC41 /* Pods-FBAppUITests.debug.xcconfig */,
				43A94675B5AAA8BBD66BA138 /* Pods-FBAppUITests.release.xcconfig */,
			);
			name = Pods;
			sourceTree = "<group>";
		};
/* End PBXGroup section */

/* Begin PBXNativeTarget section */
		2D33CBC6208D8F0000F7FEFC /* FBApp */ = {
			isa = PBXNativeTarget;
			buildConfigurationList = 2D33CBF2208D8F0200F7FEFC /* Build configuration list for PBXNativeTarget "FBApp" */;
			buildPhases = (
				BB08FA681BBF2CBA13B00E63 /* [CP] Check Pods Manifest.lock */,
				2D33CBC3208D8F0000F7FEFC /* Sources */,
				2D33CBC4208D8F0000F7FEFC /* Frameworks */,
				2D33CBC5208D8F0000F7FEFC /* Resources */,
				0C4EF5A08B6FE3770B33B6C6 /* [CP] Embed Pods Frameworks */,
			);
			buildRules = (
			);
			dependencies = (
			);
			name = FBApp;
			productName = FBApp;
			productReference = 2D33CBC7208D8F0000F7FEFC /* FBApp.app */;
			productType = "com.apple.product-type.application";
		};
		2D33CBDD208D8F0200F7FEFC /* FBAppTests */ = {
			isa = PBXNativeTarget;
			buildConfigurationList = 2D33CBF5208D8F0200F7FEFC /* Build configuration list for PBXNativeTarget "FBAppTests" */;
			buildPhases = (
				01073F3674614E86570426D3 /* [CP] Check Pods Manifest.lock */,
				2D33CBDA208D8F0200F7FEFC /* Sources */,
				2D33CBDB208D8F0200F7FEFC /* Frameworks */,
				2D33CBDC208D8F0200F7FEFC /* Resources */,
				E044AE6C78F126AADC477BA7 /* [CP] Embed Pods Frameworks */,
			);
			buildRules = (
			);
			dependencies = (
				2D33CBE0208D8F0200F7FEFC /* PBXTargetDependency */,
			);
			name = FBAppTests;
			productName = FBAppTests;
			productReference = 2D33CBDE208D8F0200F7FEFC /* FBAppTests.xctest */;
			productType = "com.apple.product-type.bundle.unit-test";
		};
		2D33CBE8208D8F0200F7FEFC /* FBAppUITests */ = {
			isa = PBXNativeTarget;
			buildConfigurationList = 2D33CBF8208D8F0200F7FEFC /* Build configuration list for PBXNativeTarget "FBAppUITests" */;
			buildPhases = (
				29EBB036F2960F558356B1F8 /* [CP] Check Pods Manifest.lock */,
				2D33CBE5208D8F0200F7FEFC /* Sources */,
				2D33CBE6208D8F0200F7FEFC /* Frameworks */,
				2D33CBE7208D8F0200F7FEFC /* Resources */,
				38A98E15B22759C047C62D13 /* [CP] Embed Pods Frameworks */,
			);
			buildRules = (
			);
			dependencies = (
				2D33CBEB208D8F0200F7FEFC /* PBXTargetDependency */,
			);
			name = FBAppUITests;
			productName = FBAppUITests;
			productReference = 2D33CBE9208D8F0200F7FEFC /* FBAppUITests.xctest */;
			productType = "com.apple.product-type.bundle.ui-testing";
		};
/* End PBXNativeTarget section */

/* Begin PBXProject section */
		2D33CBBF208D8F0000F7FEFC /* Project object */ = {
			isa = PBXProject;
			attributes = {
				LastSwiftUpdateCheck = 0930;
				LastUpgradeCheck = 0930;
				ORGANIZATIONNAME = "Sophie Amin";
				TargetAttributes = {
					2D33CBC6208D8F0000F7FEFC = {
						CreatedOnToolsVersion = 9.3;
					};
					2D33CBDD208D8F0200F7FEFC = {
						CreatedOnToolsVersion = 9.3;
						TestTargetID = 2D33CBC6208D8F0000F7FEFC;
					};
					2D33CBE8208D8F0200F7FEFC = {
						CreatedOnToolsVersion = 9.3;
						TestTargetID = 2D33CBC6208D8F0000F7FEFC;
					};
				};
			};
			buildConfigurationList = 2D33CBC2208D8F0000F7FEFC /* Build configuration list for PBXProject "FBApp" */;
			compatibilityVersion = "Xcode 9.3";
			developmentRegion = en;
			hasScannedForEncodings = 0;
			knownRegions = (
				en,
				Base,
			);
			mainGroup = 2D33CBBE208D8F0000F7FEFC;
			productRefGroup = 2D33CBC8208D8F0000F7FEFC /* Products */;
			projectDirPath = "";
			projectRoot = "";
			targets = (
				2D33CBC6208D8F0000F7FEFC /* FBApp */,
				2D33CBDD208D8F0200F7FEFC /* FBAppTests */,
				2D33CBE8208D8F0200F7FEFC /* FBAppUITests */,
			);
		};
/* End PBXProject section */

/* Begin PBXResourcesBuildPhase section */
		2D33CBC5208D8F0000F7FEFC /* Resources */ = {
			isa = PBXResourcesBuildPhase;
			buildActionMask = 2147483647;
			files = (
				2D33CBD8208D8F0200F7FEFC /* LaunchScreen.storyboard in Resources */,
				8436F07A20B35816008D2AF9 /* GoogleService-Info.plist in Resources */,
				2D33CBD5208D8F0200F7FEFC /* Assets.xcassets in Resources */,
				2D33CBD0208D8F0100F7FEFC /* Main.storyboard in Resources */,
			);
			runOnlyForDeploymentPostprocessing = 0;
		};
		2D33CBDC208D8F0200F7FEFC /* Resources */ = {
			isa = PBXResourcesBuildPhase;
			buildActionMask = 2147483647;
			files = (
			);
			runOnlyForDeploymentPostprocessing = 0;
		};
		2D33CBE7208D8F0200F7FEFC /* Resources */ = {
			isa = PBXResourcesBuildPhase;
			buildActionMask = 2147483647;
			files = (
			);
			runOnlyForDeploymentPostprocessing = 0;
		};
/* End PBXResourcesBuildPhase section */

/* Begin PBXShellScriptBuildPhase section */
		01073F3674614E86570426D3 /* [CP] Check Pods Manifest.lock */ = {
			isa = PBXShellScriptBuildPhase;
			buildActionMask = 2147483647;
			files = (
			);
			inputPaths = (
				"${PODS_PODFILE_DIR_PATH}/Podfile.lock",
				"${PODS_ROOT}/Manifest.lock",
			);
			name = "[CP] Check Pods Manifest.lock";
			outputPaths = (
				"$(DERIVED_FILE_DIR)/Pods-FBAppTests-checkManifestLockResult.txt",
			);
			runOnlyForDeploymentPostprocessing = 0;
			shellPath = /bin/sh;
			shellScript = "diff \"${PODS_PODFILE_DIR_PATH}/Podfile.lock\" \"${PODS_ROOT}/Manifest.lock\" > /dev/null\nif [ $? != 0 ] ; then\n    # print error to STDERR\n    echo \"error: The sandbox is not in sync with the Podfile.lock. Run 'pod install' or update your CocoaPods installation.\" >&2\n    exit 1\nfi\n# This output is used by Xcode 'outputs' to avoid re-running this script phase.\necho \"SUCCESS\" > \"${SCRIPT_OUTPUT_FILE_0}\"\n";
			showEnvVarsInLog = 0;
		};
		0C4EF5A08B6FE3770B33B6C6 /* [CP] Embed Pods Frameworks */ = {
			isa = PBXShellScriptBuildPhase;
			buildActionMask = 2147483647;
			files = (
			);
			inputPaths = (
				"${SRCROOT}/Pods/Target Support Files/Pods-FBApp/Pods-FBApp-frameworks.sh",
				"${BUILT_PRODUCTS_DIR}/GTMSessionFetcher/GTMSessionFetcher.framework",
				"${BUILT_PRODUCTS_DIR}/GoogleToolboxForMac/GoogleToolboxForMac.framework",
				"${BUILT_PRODUCTS_DIR}/leveldb-library/leveldb.framework",
				"${BUILT_PRODUCTS_DIR}/nanopb/nanopb.framework",
			);
			name = "[CP] Embed Pods Frameworks";
			outputPaths = (
				"${TARGET_BUILD_DIR}/${FRAMEWORKS_FOLDER_PATH}/GTMSessionFetcher.framework",
				"${TARGET_BUILD_DIR}/${FRAMEWORKS_FOLDER_PATH}/GoogleToolboxForMac.framework",
				"${TARGET_BUILD_DIR}/${FRAMEWORKS_FOLDER_PATH}/leveldb.framework",
				"${TARGET_BUILD_DIR}/${FRAMEWORKS_FOLDER_PATH}/nanopb.framework",
			);
			runOnlyForDeploymentPostprocessing = 0;
			shellPath = /bin/sh;
			shellScript = "\"${SRCROOT}/Pods/Target Support Files/Pods-FBApp/Pods-FBApp-frameworks.sh\"\n";
			showEnvVarsInLog = 0;
		};
		29EBB036F2960F558356B1F8 /* [CP] Check Pods Manifest.lock */ = {
			isa = PBXShellScriptBuildPhase;
			buildActionMask = 2147483647;
			files = (
			);
			inputPaths = (
				"${PODS_PODFILE_DIR_PATH}/Podfile.lock",
				"${PODS_ROOT}/Manifest.lock",
			);
			name = "[CP] Check Pods Manifest.lock";
			outputPaths = (
				"$(DERIVED_FILE_DIR)/Pods-FBAppUITests-checkManifestLockResult.txt",
			);
			runOnlyForDeploymentPostprocessing = 0;
			shellPath = /bin/sh;
			shellScript = "diff \"${PODS_PODFILE_DIR_PATH}/Podfile.lock\" \"${PODS_ROOT}/Manifest.lock\" > /dev/null\nif [ $? != 0 ] ; then\n    # print error to STDERR\n    echo \"error: The sandbox is not in sync with the Podfile.lock. Run 'pod install' or update your CocoaPods installation.\" >&2\n    exit 1\nfi\n# This output is used by Xcode 'outputs' to avoid re-running this script phase.\necho \"SUCCESS\" > \"${SCRIPT_OUTPUT_FILE_0}\"\n";
			showEnvVarsInLog = 0;
		};
		38A98E15B22759C047C62D13 /* [CP] Embed Pods Frameworks */ = {
			isa = PBXShellScriptBuildPhase;
			buildActionMask = 2147483647;
			files = (
			);
			inputPaths = (
				"${SRCROOT}/Pods/Target Support Files/Pods-FBAppUITests/Pods-FBAppUITests-frameworks.sh",
				"${BUILT_PRODUCTS_DIR}/GTMSessionFetcher/GTMSessionFetcher.framework",
				"${BUILT_PRODUCTS_DIR}/GoogleToolboxForMac/GoogleToolboxForMac.framework",
				"${BUILT_PRODUCTS_DIR}/leveldb-library/leveldb.framework",
				"${BUILT_PRODUCTS_DIR}/nanopb/nanopb.framework",
			);
			name = "[CP] Embed Pods Frameworks";
			outputPaths = (
				"${TARGET_BUILD_DIR}/${FRAMEWORKS_FOLDER_PATH}/GTMSessionFetcher.framework",
				"${TARGET_BUILD_DIR}/${FRAMEWORKS_FOLDER_PATH}/GoogleToolboxForMac.framework",
				"${TARGET_BUILD_DIR}/${FRAMEWORKS_FOLDER_PATH}/leveldb.framework",
				"${TARGET_BUILD_DIR}/${FRAMEWORKS_FOLDER_PATH}/nanopb.framework",
			);
			runOnlyForDeploymentPostprocessing = 0;
			shellPath = /bin/sh;
			shellScript = "\"${SRCROOT}/Pods/Target Support Files/Pods-FBAppUITests/Pods-FBAppUITests-frameworks.sh\"\n";
			showEnvVarsInLog = 0;
		};
		BB08FA681BBF2CBA13B00E63 /* [CP] Check Pods Manifest.lock */ = {
			isa = PBXShellScriptBuildPhase;
			buildActionMask = 2147483647;
			files = (
			);
			inputPaths = (
				"${PODS_PODFILE_DIR_PATH}/Podfile.lock",
				"${PODS_ROOT}/Manifest.lock",
			);
			name = "[CP] Check Pods Manifest.lock";
			outputPaths = (
				"$(DERIVED_FILE_DIR)/Pods-FBApp-checkManifestLockResult.txt",
			);
			runOnlyForDeploymentPostprocessing = 0;
			shellPath = /bin/sh;
			shellScript = "diff \"${PODS_PODFILE_DIR_PATH}/Podfile.lock\" \"${PODS_ROOT}/Manifest.lock\" > /dev/null\nif [ $? != 0 ] ; then\n    # print error to STDERR\n    echo \"error: The sandbox is not in sync with the Podfile.lock. Run 'pod install' or update your CocoaPods installation.\" >&2\n    exit 1\nfi\n# This output is used by Xcode 'outputs' to avoid re-running this script phase.\necho \"SUCCESS\" > \"${SCRIPT_OUTPUT_FILE_0}\"\n";
			showEnvVarsInLog = 0;
		};
		E044AE6C78F126AADC477BA7 /* [CP] Embed Pods Frameworks */ = {
			isa = PBXShellScriptBuildPhase;
			buildActionMask = 2147483647;
			files = (
			);
			inputPaths = (
				"${SRCROOT}/Pods/Target Support Files/Pods-FBAppTests/Pods-FBAppTests-frameworks.sh",
				"${BUILT_PRODUCTS_DIR}/GTMSessionFetcher/GTMSessionFetcher.framework",
				"${BUILT_PRODUCTS_DIR}/GoogleToolboxForMac/GoogleToolboxForMac.framework",
				"${BUILT_PRODUCTS_DIR}/leveldb-library/leveldb.framework",
				"${BUILT_PRODUCTS_DIR}/nanopb/nanopb.framework",
			);
			name = "[CP] Embed Pods Frameworks";
			outputPaths = (
				"${TARGET_BUILD_DIR}/${FRAMEWORKS_FOLDER_PATH}/GTMSessionFetcher.framework",
				"${TARGET_BUILD_DIR}/${FRAMEWORKS_FOLDER_PATH}/GoogleToolboxForMac.framework",
				"${TARGET_BUILD_DIR}/${FRAMEWORKS_FOLDER_PATH}/leveldb.framework",
				"${TARGET_BUILD_DIR}/${FRAMEWORKS_FOLDER_PATH}/nanopb.framework",
			);
			runOnlyForDeploymentPostprocessing = 0;
			shellPath = /bin/sh;
			shellScript = "\"${SRCROOT}/Pods/Target Support Files/Pods-FBAppTests/Pods-FBAppTests-frameworks.sh\"\n";
			showEnvVarsInLog = 0;
		};
/* End PBXShellScriptBuildPhase section */

/* Begin PBXSourcesBuildPhase section */
		2D33CBC3208D8F0000F7FEFC /* Sources */ = {
			isa = PBXSourcesBuildPhase;
			buildActionMask = 2147483647;
			files = (
				2DA2D5CF20A2980500A7C18A /* SignUpViewController.swift in Sources */,
				2D33CBD3208D8F0100F7FEFC /* FBApp.xcdatamodeld in Sources */,
				2D33CBCD208D8F0000F7FEFC /* SignInViewController.swift in Sources */,
				8436F08220B393B5008D2AF9 /* receipeData.swift in Sources */,
				2D33CBFE208E7E8300F7FEFC /* SignOutViewController.swift in Sources */,
				2DD0B51B209B8DA600181025 /* CurrentUser.swift in Sources */,
				2D33CBCB208D8F0000F7FEFC /* AppDelegate.swift in Sources */,
				2DA2D5D420A29C4A00A7C18A /* UserData.swift in Sources */,
				2DD0B525209B8F8A00181025 /* AlertController.swift in Sources */,
				2DD0B515209B715800181025 /* SelectDietViewController.swift in Sources */,
				2D99A653209800F000BE9F1D /* WelcomeViewController.swift in Sources */,
				8436F07E20B36230008D2AF9 /* customTableViewCell.swift in Sources */,
				2DD0B51F209B8E9000181025 /* Recipe.swift in Sources */,
				84E496E320B6266D00E69B80 /* ShoppingListTableViewController.swift in Sources */,
				2DD0B527209B91DB00181025 /* DatabaseService.swift in Sources */,
				8436F07C20B35D19008D2AF9 /* tableViewCellControllerViewController.swift in Sources */,
				8436F08020B38E07008D2AF9 /* tableDetailViewController.swift in Sources */,
			);
			runOnlyForDeploymentPostprocessing = 0;
		};
		2D33CBDA208D8F0200F7FEFC /* Sources */ = {
			isa = PBXSourcesBuildPhase;
			buildActionMask = 2147483647;
			files = (
				2D33CBE3208D8F0200F7FEFC /* FBAppTests.swift in Sources */,
			);
			runOnlyForDeploymentPostprocessing = 0;
		};
		2D33CBE5208D8F0200F7FEFC /* Sources */ = {
			isa = PBXSourcesBuildPhase;
			buildActionMask = 2147483647;
			files = (
				2D33CBEE208D8F0200F7FEFC /* FBAppUITests.swift in Sources */,
			);
			runOnlyForDeploymentPostprocessing = 0;
		};
/* End PBXSourcesBuildPhase section */

/* Begin PBXTargetDependency section */
		2D33CBE0208D8F0200F7FEFC /* PBXTargetDependency */ = {
			isa = PBXTargetDependency;
			target = 2D33CBC6208D8F0000F7FEFC /* FBApp */;
			targetProxy = 2D33CBDF208D8F0200F7FEFC /* PBXContainerItemProxy */;
		};
		2D33CBEB208D8F0200F7FEFC /* PBXTargetDependency */ = {
			isa = PBXTargetDependency;
			target = 2D33CBC6208D8F0000F7FEFC /* FBApp */;
			targetProxy = 2D33CBEA208D8F0200F7FEFC /* PBXContainerItemProxy */;
		};
/* End PBXTargetDependency section */

/* Begin PBXVariantGroup section */
		2D33CBCE208D8F0100F7FEFC /* Main.storyboard */ = {
			isa = PBXVariantGroup;
			children = (
				2D33CBCF208D8F0100F7FEFC /* Base */,
			);
			name = Main.storyboard;
			sourceTree = "<group>";
		};
		2D33CBD6208D8F0200F7FEFC /* LaunchScreen.storyboard */ = {
			isa = PBXVariantGroup;
			children = (
				2D33CBD7208D8F0200F7FEFC /* Base */,
			);
			name = LaunchScreen.storyboard;
			sourceTree = "<group>";
		};
/* End PBXVariantGroup section */

/* Begin XCBuildConfiguration section */
		2D33CBF0208D8F0200F7FEFC /* Debug */ = {
			isa = XCBuildConfiguration;
			buildSettings = {
				ALWAYS_SEARCH_USER_PATHS = NO;
				CLANG_ANALYZER_NONNULL = YES;
				CLANG_ANALYZER_NUMBER_OBJECT_CONVERSION = YES_AGGRESSIVE;
				CLANG_CXX_LANGUAGE_STANDARD = "gnu++14";
				CLANG_CXX_LIBRARY = "libc++";
				CLANG_ENABLE_MODULES = YES;
				CLANG_ENABLE_OBJC_ARC = YES;
				CLANG_ENABLE_OBJC_WEAK = YES;
				CLANG_WARN_BLOCK_CAPTURE_AUTORELEASING = YES;
				CLANG_WARN_BOOL_CONVERSION = YES;
				CLANG_WARN_COMMA = YES;
				CLANG_WARN_CONSTANT_CONVERSION = YES;
				CLANG_WARN_DEPRECATED_OBJC_IMPLEMENTATIONS = YES;
				CLANG_WARN_DIRECT_OBJC_ISA_USAGE = YES_ERROR;
				CLANG_WARN_DOCUMENTATION_COMMENTS = YES;
				CLANG_WARN_EMPTY_BODY = YES;
				CLANG_WARN_ENUM_CONVERSION = YES;
				CLANG_WARN_INFINITE_RECURSION = YES;
				CLANG_WARN_INT_CONVERSION = YES;
				CLANG_WARN_NON_LITERAL_NULL_CONVERSION = YES;
				CLANG_WARN_OBJC_IMPLICIT_RETAIN_SELF = YES;
				CLANG_WARN_OBJC_LITERAL_CONVERSION = YES;
				CLANG_WARN_OBJC_ROOT_CLASS = YES_ERROR;
				CLANG_WARN_RANGE_LOOP_ANALYSIS = YES;
				CLANG_WARN_STRICT_PROTOTYPES = YES;
				CLANG_WARN_SUSPICIOUS_MOVE = YES;
				CLANG_WARN_UNGUARDED_AVAILABILITY = YES_AGGRESSIVE;
				CLANG_WARN_UNREACHABLE_CODE = YES;
				CLANG_WARN__DUPLICATE_METHOD_MATCH = YES;
				CODE_SIGN_IDENTITY = "iPhone Developer";
				COPY_PHASE_STRIP = NO;
				DEBUG_INFORMATION_FORMAT = dwarf;
				ENABLE_STRICT_OBJC_MSGSEND = YES;
				ENABLE_TESTABILITY = YES;
				GCC_C_LANGUAGE_STANDARD = gnu11;
				GCC_DYNAMIC_NO_PIC = NO;
				GCC_NO_COMMON_BLOCKS = YES;
				GCC_OPTIMIZATION_LEVEL = 0;
				GCC_PREPROCESSOR_DEFINITIONS = (
					"DEBUG=1",
					"$(inherited)",
				);
				GCC_WARN_64_TO_32_BIT_CONVERSION = YES;
				GCC_WARN_ABOUT_RETURN_TYPE = YES_ERROR;
				GCC_WARN_UNDECLARED_SELECTOR = YES;
				GCC_WARN_UNINITIALIZED_AUTOS = YES_AGGRESSIVE;
				GCC_WARN_UNUSED_FUNCTION = YES;
				GCC_WARN_UNUSED_VARIABLE = YES;
				IPHONEOS_DEPLOYMENT_TARGET = 11.3;
				MTL_ENABLE_DEBUG_INFO = YES;
				ONLY_ACTIVE_ARCH = YES;
				SDKROOT = iphoneos;
				SWIFT_ACTIVE_COMPILATION_CONDITIONS = DEBUG;
				SWIFT_OPTIMIZATION_LEVEL = "-Onone";
			};
			name = Debug;
		};
		2D33CBF1208D8F0200F7FEFC /* Release */ = {
			isa = XCBuildConfiguration;
			buildSettings = {
				ALWAYS_SEARCH_USER_PATHS = NO;
				CLANG_ANALYZER_NONNULL = YES;
				CLANG_ANALYZER_NUMBER_OBJECT_CONVERSION = YES_AGGRESSIVE;
				CLANG_CXX_LANGUAGE_STANDARD = "gnu++14";
				CLANG_CXX_LIBRARY = "libc++";
				CLANG_ENABLE_MODULES = YES;
				CLANG_ENABLE_OBJC_ARC = YES;
				CLANG_ENABLE_OBJC_WEAK = YES;
				CLANG_WARN_BLOCK_CAPTURE_AUTORELEASING = YES;
				CLANG_WARN_BOOL_CONVERSION = YES;
				CLANG_WARN_COMMA = YES;
				CLANG_WARN_CONSTANT_CONVERSION = YES;
				CLANG_WARN_DEPRECATED_OBJC_IMPLEMENTATIONS = YES;
				CLANG_WARN_DIRECT_OBJC_ISA_USAGE = YES_ERROR;
				CLANG_WARN_DOCUMENTATION_COMMENTS = YES;
				CLANG_WARN_EMPTY_BODY = YES;
				CLANG_WARN_ENUM_CONVERSION = YES;
				CLANG_WARN_INFINITE_RECURSION = YES;
				CLANG_WARN_INT_CONVERSION = YES;
				CLANG_WARN_NON_LITERAL_NULL_CONVERSION = YES;
				CLANG_WARN_OBJC_IMPLICIT_RETAIN_SELF = YES;
				CLANG_WARN_OBJC_LITERAL_CONVERSION = YES;
				CLANG_WARN_OBJC_ROOT_CLASS = YES_ERROR;
				CLANG_WARN_RANGE_LOOP_ANALYSIS = YES;
				CLANG_WARN_STRICT_PROTOTYPES = YES;
				CLANG_WARN_SUSPICIOUS_MOVE = YES;
				CLANG_WARN_UNGUARDED_AVAILABILITY = YES_AGGRESSIVE;
				CLANG_WARN_UNREACHABLE_CODE = YES;
				CLANG_WARN__DUPLICATE_METHOD_MATCH = YES;
				CODE_SIGN_IDENTITY = "iPhone Developer";
				COPY_PHASE_STRIP = NO;
				DEBUG_INFORMATION_FORMAT = "dwarf-with-dsym";
				ENABLE_NS_ASSERTIONS = NO;
				ENABLE_STRICT_OBJC_MSGSEND = YES;
				GCC_C_LANGUAGE_STANDARD = gnu11;
				GCC_NO_COMMON_BLOCKS = YES;
				GCC_WARN_64_TO_32_BIT_CONVERSION = YES;
				GCC_WARN_ABOUT_RETURN_TYPE = YES_ERROR;
				GCC_WARN_UNDECLARED_SELECTOR = YES;
				GCC_WARN_UNINITIALIZED_AUTOS = YES_AGGRESSIVE;
				GCC_WARN_UNUSED_FUNCTION = YES;
				GCC_WARN_UNUSED_VARIABLE = YES;
				IPHONEOS_DEPLOYMENT_TARGET = 11.3;
				MTL_ENABLE_DEBUG_INFO = NO;
				SDKROOT = iphoneos;
				SWIFT_COMPILATION_MODE = wholemodule;
				SWIFT_OPTIMIZATION_LEVEL = "-O";
				VALIDATE_PRODUCT = YES;
			};
			name = Release;
		};
		2D33CBF3208D8F0200F7FEFC /* Debug */ = {
			isa = XCBuildConfiguration;
			baseConfigurationReference = C280BCB022713373AF65BB28 /* Pods-FBApp.debug.xcconfig */;
			buildSettings = {
				ASSETCATALOG_COMPILER_APPICON_NAME = AppIcon;
				CODE_SIGN_STYLE = Automatic;
				INFOPLIST_FILE = FBApp/Info.plist;
				LD_RUNPATH_SEARCH_PATHS = (
					"$(inherited)",
					"@executable_path/Frameworks",
				);
				PRODUCT_BUNDLE_IDENTIFIER = "Sophie-Amin.FBApp";
				PRODUCT_NAME = "$(TARGET_NAME)";
				SWIFT_INCLUDE_PATHS = "";
				SWIFT_VERSION = 4.0;
				TARGETED_DEVICE_FAMILY = "1,2";
			};
			name = Debug;
		};
		2D33CBF4208D8F0200F7FEFC /* Release */ = {
			isa = XCBuildConfiguration;
			baseConfigurationReference = F330C3C17834F3ADD74786B8 /* Pods-FBApp.release.xcconfig */;
			buildSettings = {
				ASSETCATALOG_COMPILER_APPICON_NAME = AppIcon;
				CODE_SIGN_STYLE = Automatic;
				INFOPLIST_FILE = FBApp/Info.plist;
				LD_RUNPATH_SEARCH_PATHS = (
					"$(inherited)",
					"@executable_path/Frameworks",
				);
				PRODUCT_BUNDLE_IDENTIFIER = "Sophie-Amin.FBApp";
				PRODUCT_NAME = "$(TARGET_NAME)";
				SWIFT_INCLUDE_PATHS = "";
				SWIFT_VERSION = 4.0;
				TARGETED_DEVICE_FAMILY = "1,2";
			};
			name = Release;
		};
		2D33CBF6208D8F0200F7FEFC /* Debug */ = {
			isa = XCBuildConfiguration;
			baseConfigurationReference = B43D876803DA561A20BE961A /* Pods-FBAppTests.debug.xcconfig */;
			buildSettings = {
				ALWAYS_EMBED_SWIFT_STANDARD_LIBRARIES = YES;
				BUNDLE_LOADER = "$(TEST_HOST)";
				CODE_SIGN_STYLE = Automatic;
				INFOPLIST_FILE = FBAppTests/Info.plist;
				LD_RUNPATH_SEARCH_PATHS = (
					"$(inherited)",
					"@executable_path/Frameworks",
					"@loader_path/Frameworks",
				);
				PRODUCT_BUNDLE_IDENTIFIER = "Sophie-Amin.FBAppTests";
				PRODUCT_NAME = "$(TARGET_NAME)";
				SWIFT_VERSION = 4.0;
				TARGETED_DEVICE_FAMILY = "1,2";
				TEST_HOST = "$(BUILT_PRODUCTS_DIR)/FBApp.app/FBApp";
			};
			name = Debug;
		};
		2D33CBF7208D8F0200F7FEFC /* Release */ = {
			isa = XCBuildConfiguration;
			baseConfigurationReference = 1A4122FCA14F01704972DF0D /* Pods-FBAppTests.release.xcconfig */;
			buildSettings = {
				ALWAYS_EMBED_SWIFT_STANDARD_LIBRARIES = YES;
				BUNDLE_LOADER = "$(TEST_HOST)";
				CODE_SIGN_STYLE = Automatic;
				INFOPLIST_FILE = FBAppTests/Info.plist;
				LD_RUNPATH_SEARCH_PATHS = (
					"$(inherited)",
					"@executable_path/Frameworks",
					"@loader_path/Frameworks",
				);
				PRODUCT_BUNDLE_IDENTIFIER = "Sophie-Amin.FBAppTests";
				PRODUCT_NAME = "$(TARGET_NAME)";
				SWIFT_VERSION = 4.0;
				TARGETED_DEVICE_FAMILY = "1,2";
				TEST_HOST = "$(BUILT_PRODUCTS_DIR)/FBApp.app/FBApp";
			};
			name = Release;
		};
		2D33CBF9208D8F0200F7FEFC /* Debug */ = {
			isa = XCBuildConfiguration;
			baseConfigurationReference = 6B98AED1D68E39E33648EC41 /* Pods-FBAppUITests.debug.xcconfig */;
			buildSettings = {
				ALWAYS_EMBED_SWIFT_STANDARD_LIBRARIES = YES;
				CODE_SIGN_STYLE = Automatic;
				INFOPLIST_FILE = FBAppUITests/Info.plist;
				LD_RUNPATH_SEARCH_PATHS = (
					"$(inherited)",
					"@executable_path/Frameworks",
					"@loader_path/Frameworks",
				);
				PRODUCT_BUNDLE_IDENTIFIER = "Sophie-Amin.FBAppUITests";
				PRODUCT_NAME = "$(TARGET_NAME)";
				SWIFT_VERSION = 4.0;
				TARGETED_DEVICE_FAMILY = "1,2";
				TEST_TARGET_NAME = FBApp;
			};
			name = Debug;
		};
		2D33CBFA208D8F0200F7FEFC /* Release */ = {
			isa = XCBuildConfiguration;
			baseConfigurationReference = 43A94675B5AAA8BBD66BA138 /* Pods-FBAppUITests.release.xcconfig */;
			buildSettings = {
				ALWAYS_EMBED_SWIFT_STANDARD_LIBRARIES = YES;
				CODE_SIGN_STYLE = Automatic;
				INFOPLIST_FILE = FBAppUITests/Info.plist;
				LD_RUNPATH_SEARCH_PATHS = (
					"$(inherited)",
					"@executable_path/Frameworks",
					"@loader_path/Frameworks",
				);
				PRODUCT_BUNDLE_IDENTIFIER = "Sophie-Amin.FBAppUITests";
				PRODUCT_NAME = "$(TARGET_NAME)";
				SWIFT_VERSION = 4.0;
				TARGETED_DEVICE_FAMILY = "1,2";
				TEST_TARGET_NAME = FBApp;
			};
			name = Release;
		};
/* End XCBuildConfiguration section */

/* Begin XCConfigurationList section */
		2D33CBC2208D8F0000F7FEFC /* Build configuration list for PBXProject "FBApp" */ = {
			isa = XCConfigurationList;
			buildConfigurations = (
				2D33CBF0208D8F0200F7FEFC /* Debug */,
				2D33CBF1208D8F0200F7FEFC /* Release */,
			);
			defaultConfigurationIsVisible = 0;
			defaultConfigurationName = Release;
		};
		2D33CBF2208D8F0200F7FEFC /* Build configuration list for PBXNativeTarget "FBApp" */ = {
			isa = XCConfigurationList;
			buildConfigurations = (
				2D33CBF3208D8F0200F7FEFC /* Debug */,
				2D33CBF4208D8F0200F7FEFC /* Release */,
			);
			defaultConfigurationIsVisible = 0;
			defaultConfigurationName = Release;
		};
		2D33CBF5208D8F0200F7FEFC /* Build configuration list for PBXNativeTarget "FBAppTests" */ = {
			isa = XCConfigurationList;
			buildConfigurations = (
				2D33CBF6208D8F0200F7FEFC /* Debug */,
				2D33CBF7208D8F0200F7FEFC /* Release */,
			);
			defaultConfigurationIsVisible = 0;
			defaultConfigurationName = Release;
		};
		2D33CBF8208D8F0200F7FEFC /* Build configuration list for PBXNativeTarget "FBAppUITests" */ = {
			isa = XCConfigurationList;
			buildConfigurations = (
				2D33CBF9208D8F0200F7FEFC /* Debug */,
				2D33CBFA208D8F0200F7FEFC /* Release */,
			);
			defaultConfigurationIsVisible = 0;
			defaultConfigurationName = Release;
		};
/* End XCConfigurationList section */

/* Begin XCVersionGroup section */
		2D33CBD1208D8F0100F7FEFC /* FBApp.xcdatamodeld */ = {
			isa = XCVersionGroup;
			children = (
				2D33CBD2208D8F0100F7FEFC /* FBApp.xcdatamodel */,
			);
			currentVersion = 2D33CBD2208D8F0100F7FEFC /* FBApp.xcdatamodel */;
			path = FBApp.xcdatamodeld;
			sourceTree = "<group>";
			versionGroupType = wrapper.xcdatamodel;
		};
/* End XCVersionGroup section */
	};
	rootObject = 2D33CBBF208D8F0000F7FEFC /* Project object */;
}
